
Microsoft Visual Studio Solution File, Format Version 12.00
# Visual Studio 15
VisualStudioVersion = 15.0.28307.421
MinimumVisualStudioVersion = 10.0.40219.1
Project("{9A19103F-16F7-4668-BE54-9A1E7A4F7556}") = "SockMerchant", "SockMerchant\SockMerchant.csproj", "{5103449E-F638-4FD6-BE2E-406D03207073}"
EndProject
Project("{9A19103F-16F7-4668-BE54-9A1E7A4F7556}") = "SmallestPositiveInteger", "SmallestPositiveInteger\SmallestPositiveInteger.csproj", "{97E727BF-01E2-44B0-80CD-E2535650C878}"
EndProject
Project("{9A19103F-16F7-4668-BE54-9A1E7A4F7556}") = "OddOccurrencesInArray", "OddOccurrencesInArray\OddOccurrencesInArray.csproj", "{1529500C-C001-4E9D-A7F6-9C2CBA234470}"
EndProject
Project("{9A19103F-16F7-4668-BE54-9A1E7A4F7556}") = "CyclicRotation", "CyclicRotation\CyclicRotation.csproj", "{8B64F4C0-E19F-478C-B4D7-39BDB84E6A4E}"
EndProject
Project("{9A19103F-16F7-4668-BE54-9A1E7A4F7556}") = "Distinct", "Distinct\Distinct.csproj", "{E025F972-0E74-43EF-848D-60350471C60A}"
EndProject
Project("{9A19103F-16F7-4668-BE54-9A1E7A4F7556}") = "PermMissingElem", "PermMissingElem\PermMissingElem.csproj", "{539BC411-0FB8-4A58-B7D7-B6217F89F801}"
EndProject
Project("{2150E333-8FDC-42A3-9474-1A3956D46DE8}") = "Interview", "Interview", "{59EA2E6E-8BEC-43BA-B928-0BEEFC6C36D9}"
EndProject
Project("{9A19103F-16F7-4668-BE54-9A1E7A4F7556}") = "PerfectNumber", "PerfectNumber\PerfectNumber.csproj", "{67161AF4-D713-4CA6-8B3E-698FE4D30F14}"
EndProject
Project("{9A19103F-16F7-4668-BE54-9A1E7A4F7556}") = "ShuffleAccount", "ShuffleAccount\ShuffleAccount.csproj", "{73430D2D-D51B-4350-AE9C-AC725219E86D}"
EndProject
Project("{9A19103F-16F7-4668-BE54-9A1E7A4F7556}") = "PermCheck", "PermCheck\PermCheck.csproj", "{5F873C74-200E-45A3-B5AA-3718D4FB7458}"
EndProject
Project("{9A19103F-16F7-4668-BE54-9A1E7A4F7556}") = "BugFixesd", "BugFixesd\BugFixesd.csproj", "{BBA7C818-AC84-4880-AC41-EBEC6C179D69}"
EndProject
Project("{9A19103F-16F7-4668-BE54-9A1E7A4F7556}") = "PasswordValidator", "PasswordValidator\PasswordValidator.csproj", "{BC6897FB-1790-4069-BB7D-A5B871C1964B}"
EndProject
Project("{9A19103F-16F7-4668-BE54-9A1E7A4F7556}") = "FindLongestSentence", "FindLongestSentence\FindLongestSentence.csproj", "{2C86C304-F0A3-45C6-866E-489AE109B538}"
EndProject
Project("{9A19103F-16F7-4668-BE54-9A1E7A4F7556}") = "MaxProductOfThree", "MaxProductOfThree\MaxProductOfThree.csproj", "{3E67E12A-682D-4ECB-B7D4-555B727EFC69}"
EndProject
Project("{9A19103F-16F7-4668-BE54-9A1E7A4F7556}") = "Triangle", "Triangle\Triangle.csproj", "{7D0E2C1A-42EE-4C9F-A207-6E9008CB4B8B}"
EndProject
Project("{9A19103F-16F7-4668-BE54-9A1E7A4F7556}") = "EpicFall", "EpicFall\EpicFall.csproj", "{FF6A5A83-2539-4286-9894-6331DCABCE00}"
EndProject
Project("{9A19103F-16F7-4668-BE54-9A1E7A4F7556}") = "PassingCars", "PassingCars\PassingCars.csproj", "{A665621B-C82E-4A17-B03E-DAB05226AFDC}"
EndProject
Project("{2150E333-8FDC-42A3-9474-1A3956D46DE8}") = "Softech", "Softech", "{1FE5E540-247E-4F36-923C-C4E13DF75516}"
EndProject
Project("{9A19103F-16F7-4668-BE54-9A1E7A4F7556}") = "Exam1", "Exam1\Exam1.csproj", "{50D7CBE7-70A0-4540-8D36-A86CF1F4F113}"
EndProject
Project("{9A19103F-16F7-4668-BE54-9A1E7A4F7556}") = "Exam2", "Exam2\Exam2.csproj", "{6AC59B96-0E6E-454B-A46A-1E9B59A7D46F}"
EndProject
Project("{9A19103F-16F7-4668-BE54-9A1E7A4F7556}") = "Exam3", "Exam3\Exam3.csproj", "{F6C97EE3-2A3C-4ACC-B87D-1DFA41B0E3EB}"
EndProject
Project("{9A19103F-16F7-4668-BE54-9A1E7A4F7556}") = "ReverseNumber", "ReverseNumber\ReverseNumber.csproj", "{A74EA30D-1FA3-4E7E-856A-1F23FEC17B57}"
EndProject
Project("{9A19103F-16F7-4668-BE54-9A1E7A4F7556}") = "FindNth", "FindNth\FindNth.csproj", "{071F5448-2B2A-425F-9C36-3E0688BAE245}"
EndProject
Project("{2150E333-8FDC-42A3-9474-1A3956D46DE8}") = "HackerRank", "HackerRank", "{CF5060B1-789B-45EB-BFE5-C08F3034CBF6}"
EndProject
Project("{9A19103F-16F7-4668-BE54-9A1E7A4F7556}") = "JumpingOnTheClouds", "JumpingOnTheClouds\JumpingOnTheClouds.csproj", "{59C8564C-CCA8-45AD-9768-D379BC9BCBAB}"
EndProject
Project("{9A19103F-16F7-4668-BE54-9A1E7A4F7556}") = "RepeatedString", "RepeatedString\RepeatedString.csproj", "{33198A47-EE9F-43CF-90E7-53BB9B4AFD2C}"
EndProject
Project("{9A19103F-16F7-4668-BE54-9A1E7A4F7556}") = "LeftRotation", "LeftRotation\LeftRotation.csproj", "{D9606760-EC06-40C0-BF17-86C95911086B}"
EndProject
Project("{9A19103F-16F7-4668-BE54-9A1E7A4F7556}") = "RansomNote", "RansomNote\RansomNote.csproj", "{789917DB-86EB-443D-9BBB-60F8341B8188}"
EndProject
Project("{9A19103F-16F7-4668-BE54-9A1E7A4F7556}") = "TwoStrings", "TwoStrings\TwoStrings.csproj", "{63033AED-55E4-4B4B-BF15-26FAEBEDE63E}"
EndProject
Project("{2150E333-8FDC-42A3-9474-1A3956D46DE8}") = "Dictionaries and Hashmaps", "Dictionaries and Hashmaps", "{FCB8BF07-3301-4254-A587-D72C110DD5E7}"
EndProject
Project("{2150E333-8FDC-42A3-9474-1A3956D46DE8}") = "Arrays", "Arrays", "{7D6A621B-1493-412A-973F-3771E334917B}"
EndProject
Project("{2150E333-8FDC-42A3-9474-1A3956D46DE8}") = "Warm-up", "Warm-up", "{D917FF75-4A80-44F9-BE5D-972A003403AB}"
EndProject
Project("{2150E333-8FDC-42A3-9474-1A3956D46DE8}") = "Sorting", "Sorting", "{AF6C912F-EFB4-4CF5-B434-65361D690D1A}"
EndProject
Project("{9A19103F-16F7-4668-BE54-9A1E7A4F7556}") = "BubbleSort", "BubbleSort\BubbleSort.csproj", "{BECA1D01-EF49-4CAA-909A-B4FFDF74D3DD}"
EndProject
Project("{FAE04EC0-301F-11D3-BF4B-00C04F79EFBC}") = "Exam4", "Exam4\Exam4.csproj", "{1F688CA7-9C7D-464C-9641-15035D825E93}"
EndProject
Project("{FAE04EC0-301F-11D3-BF4B-00C04F79EFBC}") = "4thBit", "4thBit\4thBit.csproj", "{CA88F06A-7085-4AAC-94C1-080BCC69CD25}"
EndProject
Project("{FAE04EC0-301F-11D3-BF4B-00C04F79EFBC}") = "PalindromeCounter", "PalindromeCounter\PalindromeCounter.csproj", "{D9DA5CF9-EBB1-4480-BB48-C534D57F8399}"
EndProject
Project("{FAE04EC0-301F-11D3-BF4B-00C04F79EFBC}") = "TaskMaster", "TaskMaster\TaskMaster.csproj", "{2D627900-1CE8-4220-BAFB-37EC19543DCA}"
EndProject
Project("{FAE04EC0-301F-11D3-BF4B-00C04F79EFBC}") = "SubStringList", "SubStringList\SubStringList.csproj", "{679574D8-EA8A-4363-9269-6E762460493B}"
EndProject
Global
	GlobalSection(SolutionConfigurationPlatforms) = preSolution
		Debug|Any CPU = Debug|Any CPU
		Release|Any CPU = Release|Any CPU
	EndGlobalSection
	GlobalSection(ProjectConfigurationPlatforms) = postSolution
		{5103449E-F638-4FD6-BE2E-406D03207073}.Debug|Any CPU.ActiveCfg = Debug|Any CPU
		{5103449E-F638-4FD6-BE2E-406D03207073}.Debug|Any CPU.Build.0 = Debug|Any CPU
		{5103449E-F638-4FD6-BE2E-406D03207073}.Release|Any CPU.ActiveCfg = Release|Any CPU
		{5103449E-F638-4FD6-BE2E-406D03207073}.Release|Any CPU.Build.0 = Release|Any CPU
		{97E727BF-01E2-44B0-80CD-E2535650C878}.Debug|Any CPU.ActiveCfg = Debug|Any CPU
		{97E727BF-01E2-44B0-80CD-E2535650C878}.Debug|Any CPU.Build.0 = Debug|Any CPU
		{97E727BF-01E2-44B0-80CD-E2535650C878}.Release|Any CPU.ActiveCfg = Release|Any CPU
		{97E727BF-01E2-44B0-80CD-E2535650C878}.Release|Any CPU.Build.0 = Release|Any CPU
		{1529500C-C001-4E9D-A7F6-9C2CBA234470}.Debug|Any CPU.ActiveCfg = Debug|Any CPU
		{1529500C-C001-4E9D-A7F6-9C2CBA234470}.Debug|Any CPU.Build.0 = Debug|Any CPU
		{1529500C-C001-4E9D-A7F6-9C2CBA234470}.Release|Any CPU.ActiveCfg = Release|Any CPU
		{1529500C-C001-4E9D-A7F6-9C2CBA234470}.Release|Any CPU.Build.0 = Release|Any CPU
		{8B64F4C0-E19F-478C-B4D7-39BDB84E6A4E}.Debug|Any CPU.ActiveCfg = Debug|Any CPU
		{8B64F4C0-E19F-478C-B4D7-39BDB84E6A4E}.Debug|Any CPU.Build.0 = Debug|Any CPU
		{8B64F4C0-E19F-478C-B4D7-39BDB84E6A4E}.Release|Any CPU.ActiveCfg = Release|Any CPU
		{8B64F4C0-E19F-478C-B4D7-39BDB84E6A4E}.Release|Any CPU.Build.0 = Release|Any CPU
		{E025F972-0E74-43EF-848D-60350471C60A}.Debug|Any CPU.ActiveCfg = Debug|Any CPU
		{E025F972-0E74-43EF-848D-60350471C60A}.Debug|Any CPU.Build.0 = Debug|Any CPU
		{E025F972-0E74-43EF-848D-60350471C60A}.Release|Any CPU.ActiveCfg = Release|Any CPU
		{E025F972-0E74-43EF-848D-60350471C60A}.Release|Any CPU.Build.0 = Release|Any CPU
		{539BC411-0FB8-4A58-B7D7-B6217F89F801}.Debug|Any CPU.ActiveCfg = Debug|Any CPU
		{539BC411-0FB8-4A58-B7D7-B6217F89F801}.Debug|Any CPU.Build.0 = Debug|Any CPU
		{539BC411-0FB8-4A58-B7D7-B6217F89F801}.Release|Any CPU.ActiveCfg = Release|Any CPU
		{539BC411-0FB8-4A58-B7D7-B6217F89F801}.Release|Any CPU.Build.0 = Release|Any CPU
		{67161AF4-D713-4CA6-8B3E-698FE4D30F14}.Debug|Any CPU.ActiveCfg = Debug|Any CPU
		{67161AF4-D713-4CA6-8B3E-698FE4D30F14}.Debug|Any CPU.Build.0 = Debug|Any CPU
		{67161AF4-D713-4CA6-8B3E-698FE4D30F14}.Release|Any CPU.ActiveCfg = Release|Any CPU
		{67161AF4-D713-4CA6-8B3E-698FE4D30F14}.Release|Any CPU.Build.0 = Release|Any CPU
		{73430D2D-D51B-4350-AE9C-AC725219E86D}.Debug|Any CPU.ActiveCfg = Debug|Any CPU
		{73430D2D-D51B-4350-AE9C-AC725219E86D}.Debug|Any CPU.Build.0 = Debug|Any CPU
		{73430D2D-D51B-4350-AE9C-AC725219E86D}.Release|Any CPU.ActiveCfg = Release|Any CPU
		{73430D2D-D51B-4350-AE9C-AC725219E86D}.Release|Any CPU.Build.0 = Release|Any CPU
		{5F873C74-200E-45A3-B5AA-3718D4FB7458}.Debug|Any CPU.ActiveCfg = Debug|Any CPU
		{5F873C74-200E-45A3-B5AA-3718D4FB7458}.Debug|Any CPU.Build.0 = Debug|Any CPU
		{5F873C74-200E-45A3-B5AA-3718D4FB7458}.Release|Any CPU.ActiveCfg = Release|Any CPU
		{5F873C74-200E-45A3-B5AA-3718D4FB7458}.Release|Any CPU.Build.0 = Release|Any CPU
		{BBA7C818-AC84-4880-AC41-EBEC6C179D69}.Debug|Any CPU.ActiveCfg = Debug|Any CPU
		{BBA7C818-AC84-4880-AC41-EBEC6C179D69}.Debug|Any CPU.Build.0 = Debug|Any CPU
		{BBA7C818-AC84-4880-AC41-EBEC6C179D69}.Release|Any CPU.ActiveCfg = Release|Any CPU
		{BBA7C818-AC84-4880-AC41-EBEC6C179D69}.Release|Any CPU.Build.0 = Release|Any CPU
		{BC6897FB-1790-4069-BB7D-A5B871C1964B}.Debug|Any CPU.ActiveCfg = Debug|Any CPU
		{BC6897FB-1790-4069-BB7D-A5B871C1964B}.Debug|Any CPU.Build.0 = Debug|Any CPU
		{BC6897FB-1790-4069-BB7D-A5B871C1964B}.Release|Any CPU.ActiveCfg = Release|Any CPU
		{BC6897FB-1790-4069-BB7D-A5B871C1964B}.Release|Any CPU.Build.0 = Release|Any CPU
		{2C86C304-F0A3-45C6-866E-489AE109B538}.Debug|Any CPU.ActiveCfg = Debug|Any CPU
		{2C86C304-F0A3-45C6-866E-489AE109B538}.Debug|Any CPU.Build.0 = Debug|Any CPU
		{2C86C304-F0A3-45C6-866E-489AE109B538}.Release|Any CPU.ActiveCfg = Release|Any CPU
		{2C86C304-F0A3-45C6-866E-489AE109B538}.Release|Any CPU.Build.0 = Release|Any CPU
		{3E67E12A-682D-4ECB-B7D4-555B727EFC69}.Debug|Any CPU.ActiveCfg = Debug|Any CPU
		{3E67E12A-682D-4ECB-B7D4-555B727EFC69}.Debug|Any CPU.Build.0 = Debug|Any CPU
		{3E67E12A-682D-4ECB-B7D4-555B727EFC69}.Release|Any CPU.ActiveCfg = Release|Any CPU
		{3E67E12A-682D-4ECB-B7D4-555B727EFC69}.Release|Any CPU.Build.0 = Release|Any CPU
		{7D0E2C1A-42EE-4C9F-A207-6E9008CB4B8B}.Debug|Any CPU.ActiveCfg = Debug|Any CPU
		{7D0E2C1A-42EE-4C9F-A207-6E9008CB4B8B}.Debug|Any CPU.Build.0 = Debug|Any CPU
		{7D0E2C1A-42EE-4C9F-A207-6E9008CB4B8B}.Release|Any CPU.ActiveCfg = Release|Any CPU
		{7D0E2C1A-42EE-4C9F-A207-6E9008CB4B8B}.Release|Any CPU.Build.0 = Release|Any CPU
		{FF6A5A83-2539-4286-9894-6331DCABCE00}.Debug|Any CPU.ActiveCfg = Debug|Any CPU
		{FF6A5A83-2539-4286-9894-6331DCABCE00}.Debug|Any CPU.Build.0 = Debug|Any CPU
		{FF6A5A83-2539-4286-9894-6331DCABCE00}.Release|Any CPU.ActiveCfg = Release|Any CPU
		{FF6A5A83-2539-4286-9894-6331DCABCE00}.Release|Any CPU.Build.0 = Release|Any CPU
		{A665621B-C82E-4A17-B03E-DAB05226AFDC}.Debug|Any CPU.ActiveCfg = Debug|Any CPU
		{A665621B-C82E-4A17-B03E-DAB05226AFDC}.Debug|Any CPU.Build.0 = Debug|Any CPU
		{A665621B-C82E-4A17-B03E-DAB05226AFDC}.Release|Any CPU.ActiveCfg = Release|Any CPU
		{A665621B-C82E-4A17-B03E-DAB05226AFDC}.Release|Any CPU.Build.0 = Release|Any CPU
		{50D7CBE7-70A0-4540-8D36-A86CF1F4F113}.Debug|Any CPU.ActiveCfg = Debug|Any CPU
		{50D7CBE7-70A0-4540-8D36-A86CF1F4F113}.Debug|Any CPU.Build.0 = Debug|Any CPU
		{50D7CBE7-70A0-4540-8D36-A86CF1F4F113}.Release|Any CPU.ActiveCfg = Release|Any CPU
		{50D7CBE7-70A0-4540-8D36-A86CF1F4F113}.Release|Any CPU.Build.0 = Release|Any CPU
		{6AC59B96-0E6E-454B-A46A-1E9B59A7D46F}.Debug|Any CPU.ActiveCfg = Debug|Any CPU
		{6AC59B96-0E6E-454B-A46A-1E9B59A7D46F}.Debug|Any CPU.Build.0 = Debug|Any CPU
		{6AC59B96-0E6E-454B-A46A-1E9B59A7D46F}.Release|Any CPU.ActiveCfg = Release|Any CPU
		{6AC59B96-0E6E-454B-A46A-1E9B59A7D46F}.Release|Any CPU.Build.0 = Release|Any CPU
		{F6C97EE3-2A3C-4ACC-B87D-1DFA41B0E3EB}.Debug|Any CPU.ActiveCfg = Debug|Any CPU
		{F6C97EE3-2A3C-4ACC-B87D-1DFA41B0E3EB}.Debug|Any CPU.Build.0 = Debug|Any CPU
		{F6C97EE3-2A3C-4ACC-B87D-1DFA41B0E3EB}.Release|Any CPU.ActiveCfg = Release|Any CPU
		{F6C97EE3-2A3C-4ACC-B87D-1DFA41B0E3EB}.Release|Any CPU.Build.0 = Release|Any CPU
		{A74EA30D-1FA3-4E7E-856A-1F23FEC17B57}.Debug|Any CPU.ActiveCfg = Debug|Any CPU
		{A74EA30D-1FA3-4E7E-856A-1F23FEC17B57}.Debug|Any CPU.Build.0 = Debug|Any CPU
		{A74EA30D-1FA3-4E7E-856A-1F23FEC17B57}.Release|Any CPU.ActiveCfg = Release|Any CPU
		{A74EA30D-1FA3-4E7E-856A-1F23FEC17B57}.Release|Any CPU.Build.0 = Release|Any CPU
		{071F5448-2B2A-425F-9C36-3E0688BAE245}.Debug|Any CPU.ActiveCfg = Debug|Any CPU
		{071F5448-2B2A-425F-9C36-3E0688BAE245}.Debug|Any CPU.Build.0 = Debug|Any CPU
		{071F5448-2B2A-425F-9C36-3E0688BAE245}.Release|Any CPU.ActiveCfg = Release|Any CPU
		{071F5448-2B2A-425F-9C36-3E0688BAE245}.Release|Any CPU.Build.0 = Release|Any CPU
		{59C8564C-CCA8-45AD-9768-D379BC9BCBAB}.Debug|Any CPU.ActiveCfg = Debug|Any CPU
		{59C8564C-CCA8-45AD-9768-D379BC9BCBAB}.Debug|Any CPU.Build.0 = Debug|Any CPU
		{59C8564C-CCA8-45AD-9768-D379BC9BCBAB}.Release|Any CPU.ActiveCfg = Release|Any CPU
		{59C8564C-CCA8-45AD-9768-D379BC9BCBAB}.Release|Any CPU.Build.0 = Release|Any CPU
		{33198A47-EE9F-43CF-90E7-53BB9B4AFD2C}.Debug|Any CPU.ActiveCfg = Debug|Any CPU
		{33198A47-EE9F-43CF-90E7-53BB9B4AFD2C}.Debug|Any CPU.Build.0 = Debug|Any CPU
		{33198A47-EE9F-43CF-90E7-53BB9B4AFD2C}.Release|Any CPU.ActiveCfg = Release|Any CPU
		{33198A47-EE9F-43CF-90E7-53BB9B4AFD2C}.Release|Any CPU.Build.0 = Release|Any CPU
		{D9606760-EC06-40C0-BF17-86C95911086B}.Debug|Any CPU.ActiveCfg = Debug|Any CPU
		{D9606760-EC06-40C0-BF17-86C95911086B}.Debug|Any CPU.Build.0 = Debug|Any CPU
		{D9606760-EC06-40C0-BF17-86C95911086B}.Release|Any CPU.ActiveCfg = Release|Any CPU
		{D9606760-EC06-40C0-BF17-86C95911086B}.Release|Any CPU.Build.0 = Release|Any CPU
		{789917DB-86EB-443D-9BBB-60F8341B8188}.Debug|Any CPU.ActiveCfg = Debug|Any CPU
		{789917DB-86EB-443D-9BBB-60F8341B8188}.Debug|Any CPU.Build.0 = Debug|Any CPU
		{789917DB-86EB-443D-9BBB-60F8341B8188}.Release|Any CPU.ActiveCfg = Release|Any CPU
		{789917DB-86EB-443D-9BBB-60F8341B8188}.Release|Any CPU.Build.0 = Release|Any CPU
		{63033AED-55E4-4B4B-BF15-26FAEBEDE63E}.Debug|Any CPU.ActiveCfg = Debug|Any CPU
		{63033AED-55E4-4B4B-BF15-26FAEBEDE63E}.Debug|Any CPU.Build.0 = Debug|Any CPU
		{63033AED-55E4-4B4B-BF15-26FAEBEDE63E}.Release|Any CPU.ActiveCfg = Release|Any CPU
		{63033AED-55E4-4B4B-BF15-26FAEBEDE63E}.Release|Any CPU.Build.0 = Release|Any CPU
		{BECA1D01-EF49-4CAA-909A-B4FFDF74D3DD}.Debug|Any CPU.ActiveCfg = Debug|Any CPU
		{BECA1D01-EF49-4CAA-909A-B4FFDF74D3DD}.Debug|Any CPU.Build.0 = Debug|Any CPU
		{BECA1D01-EF49-4CAA-909A-B4FFDF74D3DD}.Release|Any CPU.ActiveCfg = Release|Any CPU
		{BECA1D01-EF49-4CAA-909A-B4FFDF74D3DD}.Release|Any CPU.Build.0 = Release|Any CPU
		{1F688CA7-9C7D-464C-9641-15035D825E93}.Debug|Any CPU.ActiveCfg = Debug|Any CPU
		{1F688CA7-9C7D-464C-9641-15035D825E93}.Debug|Any CPU.Build.0 = Debug|Any CPU
		{1F688CA7-9C7D-464C-9641-15035D825E93}.Release|Any CPU.ActiveCfg = Release|Any CPU
		{1F688CA7-9C7D-464C-9641-15035D825E93}.Release|Any CPU.Build.0 = Release|Any CPU
		{CA88F06A-7085-4AAC-94C1-080BCC69CD25}.Debug|Any CPU.ActiveCfg = Debug|Any CPU
		{CA88F06A-7085-4AAC-94C1-080BCC69CD25}.Debug|Any CPU.Build.0 = Debug|Any CPU
		{CA88F06A-7085-4AAC-94C1-080BCC69CD25}.Release|Any CPU.ActiveCfg = Release|Any CPU
		{CA88F06A-7085-4AAC-94C1-080BCC69CD25}.Release|Any CPU.Build.0 = Release|Any CPU
		{D9DA5CF9-EBB1-4480-BB48-C534D57F8399}.Debug|Any CPU.ActiveCfg = Debug|Any CPU
		{D9DA5CF9-EBB1-4480-BB48-C534D57F8399}.Debug|Any CPU.Build.0 = Debug|Any CPU
		{D9DA5CF9-EBB1-4480-BB48-C534D57F8399}.Release|Any CPU.ActiveCfg = Release|Any CPU
		{D9DA5CF9-EBB1-4480-BB48-C534D57F8399}.Release|Any CPU.Build.0 = Release|Any CPU
		{2D627900-1CE8-4220-BAFB-37EC19543DCA}.Debug|Any CPU.ActiveCfg = Debug|Any CPU
		{2D627900-1CE8-4220-BAFB-37EC19543DCA}.Debug|Any CPU.Build.0 = Debug|Any CPU
		{2D627900-1CE8-4220-BAFB-37EC19543DCA}.Release|Any CPU.ActiveCfg = Release|Any CPU
		{2D627900-1CE8-4220-BAFB-37EC19543DCA}.Release|Any CPU.Build.0 = Release|Any CPU
		{679574D8-EA8A-4363-9269-6E762460493B}.Debug|Any CPU.ActiveCfg = Debug|Any CPU
		{679574D8-EA8A-4363-9269-6E762460493B}.Debug|Any CPU.Build.0 = Debug|Any CPU
		{679574D8-EA8A-4363-9269-6E762460493B}.Release|Any CPU.ActiveCfg = Release|Any CPU
		{679574D8-EA8A-4363-9269-6E762460493B}.Release|Any CPU.Build.0 = Release|Any CPU
	EndGlobalSection
	GlobalSection(SolutionProperties) = preSolution
		HideSolutionNode = FALSE
	EndGlobalSection
	GlobalSection(NestedProjects) = preSolution
		{5103449E-F638-4FD6-BE2E-406D03207073} = {D917FF75-4A80-44F9-BE5D-972A003403AB}
		{67161AF4-D713-4CA6-8B3E-698FE4D30F14} = {59EA2E6E-8BEC-43BA-B928-0BEEFC6C36D9}
		{73430D2D-D51B-4350-AE9C-AC725219E86D} = {59EA2E6E-8BEC-43BA-B928-0BEEFC6C36D9}
		{BBA7C818-AC84-4880-AC41-EBEC6C179D69} = {59EA2E6E-8BEC-43BA-B928-0BEEFC6C36D9}
		{BC6897FB-1790-4069-BB7D-A5B871C1964B} = {59EA2E6E-8BEC-43BA-B928-0BEEFC6C36D9}
		{2C86C304-F0A3-45C6-866E-489AE109B538} = {59EA2E6E-8BEC-43BA-B928-0BEEFC6C36D9}
		{50D7CBE7-70A0-4540-8D36-A86CF1F4F113} = {1FE5E540-247E-4F36-923C-C4E13DF75516}
		{6AC59B96-0E6E-454B-A46A-1E9B59A7D46F} = {1FE5E540-247E-4F36-923C-C4E13DF75516}
		{F6C97EE3-2A3C-4ACC-B87D-1DFA41B0E3EB} = {1FE5E540-247E-4F36-923C-C4E13DF75516}
		{59C8564C-CCA8-45AD-9768-D379BC9BCBAB} = {D917FF75-4A80-44F9-BE5D-972A003403AB}
		{33198A47-EE9F-43CF-90E7-53BB9B4AFD2C} = {D917FF75-4A80-44F9-BE5D-972A003403AB}
		{D9606760-EC06-40C0-BF17-86C95911086B} = {7D6A621B-1493-412A-973F-3771E334917B}
		{789917DB-86EB-443D-9BBB-60F8341B8188} = {FCB8BF07-3301-4254-A587-D72C110DD5E7}
		{63033AED-55E4-4B4B-BF15-26FAEBEDE63E} = {FCB8BF07-3301-4254-A587-D72C110DD5E7}
		{FCB8BF07-3301-4254-A587-D72C110DD5E7} = {CF5060B1-789B-45EB-BFE5-C08F3034CBF6}
		{7D6A621B-1493-412A-973F-3771E334917B} = {CF5060B1-789B-45EB-BFE5-C08F3034CBF6}
		{D917FF75-4A80-44F9-BE5D-972A003403AB} = {CF5060B1-789B-45EB-BFE5-C08F3034CBF6}
		{AF6C912F-EFB4-4CF5-B434-65361D690D1A} = {CF5060B1-789B-45EB-BFE5-C08F3034CBF6}
		{BECA1D01-EF49-4CAA-909A-B4FFDF74D3DD} = {AF6C912F-EFB4-4CF5-B434-65361D690D1A}
		{1F688CA7-9C7D-464C-9641-15035D825E93} = {1FE5E540-247E-4F36-923C-C4E13DF75516}
		{CA88F06A-7085-4AAC-94C1-080BCC69CD25} = {1FE5E540-247E-4F36-923C-C4E13DF75516}
		{D9DA5CF9-EBB1-4480-BB48-C534D57F8399} = {1FE5E540-247E-4F36-923C-C4E13DF75516}
		{2D627900-1CE8-4220-BAFB-37EC19543DCA} = {1FE5E540-247E-4F36-923C-C4E13DF75516}
	EndGlobalSection
	GlobalSection(ExtensibilityGlobals) = postSolution
		SolutionGuid = {0F831B1C-98CB-4A72-915C-8231958B7534}
	EndGlobalSection
EndGlobal
